{
  "requires": true,
  "lockfileVersion": 1,
  "dependencies": {
    "dom7": {
      "version": "3.0.0-alpha.5",
      "resolved": "https://registry.npmjs.org/dom7/-/dom7-3.0.0-alpha.5.tgz",
      "integrity": "sha512-8qnd76DAkn12DSOPCu5EtGiWwMDsagt1lb8zC50UfZ1sfLHixM510RXiQc4DTQsEAi/i3BjD3es7awqUCB+IjQ==",
      "requires": {
        "ssr-window": "^3.0.0-alpha.1"
      }
    },
    "ssr-window": {
      "version": "3.0.0-alpha.4",
      "resolved": "https://registry.npmjs.org/ssr-window/-/ssr-window-3.0.0-alpha.4.tgz",
      "integrity": "sha512-+dBRP/pZ+VyITxTzD0lMDzDwN/BmfUl8xi2e6t5Nz4+FqUphfcBLB1OOUSYCRNFB25rD3c8AJRYpY5rHTbL+kg=="
    }
  }
}
